
Microsoft Visual Studio Solution File, Format Version 12.00
# Visual Studio Version 16
VisualStudioVersion = 16.0.30002.166
MinimumVisualStudioVersion = 10.0.40219.1
Project("{FAE04EC0-301F-11D3-BF4B-00C04F79EFBC}") = "PrviOOP", "PrviOOP\PrviOOP.csproj", "{9EE96E85-E036-4B1E-9BF4-5E7921F97F7D}"
EndProject
Global
	GlobalSection(SolutionConfigurationPlatforms) = preSolution
		Debug|Any CPU = Debug|Any CPU
		Release|Any CPU = Release|Any CPU
	EndGlobalSection
	GlobalSection(ProjectConfigurationPlatforms) = postSolution
		{9EE96E85-E036-4B1E-9BF4-5E7921F97F7D}.Debug|Any CPU.ActiveCfg = Debug|Any CPU
		{9EE96E85-E036-4B1E-9BF4-5E7921F97F7D}.Debug|Any CPU.Build.0 = Debug|Any CPU
		{9EE96E85-E036-4B1E-9BF4-5E7921F97F7D}.Release|Any CPU.ActiveCfg = Release|Any CPU
		{9EE96E85-E036-4B1E-9BF4-5E7921F97F7D}.Release|Any CPU.Build.0 = Release|Any CPU
	EndGlobalSection
	GlobalSection(SolutionProperties) = preSolution
		HideSolutionNode = FALSE
	EndGlobalSection
	GlobalSection(ExtensibilityGlobals) = postSolution
		SolutionGuid = {D3C5D1EF-5549-4020-BB6F-C65FFF006106}
	EndGlobalSection
EndGlobal
